
Microsoft Visual Studio Solution File, Format Version 12.00
# Visual Studio Version 17
VisualStudioVersion = 17.4.33205.214
MinimumVisualStudioVersion = 10.0.40219.1
Project("{FAE04EC0-301F-11D3-BF4B-00C04F79EFBC}") = "day2", "day2\day2.csproj", "{52BFD7FF-E8E7-4F02-A9E1-0FC5FA37715A}"
EndProject
Project("{FAE04EC0-301F-11D3-BF4B-00C04F79EFBC}") = "day2WPF", "day2WPF\day2WPF.csproj", "{0FF7AD3D-1D03-487E-80FC-A385873C2B76}"
EndProject
Project("{FAE04EC0-301F-11D3-BF4B-00C04F79EFBC}") = "HomeTask2", "HomeTask2\HomeTask2.csproj", "{49184454-276C-47CD-8D38-FCA25C2F725B}"
EndProject
Global
	GlobalSection(SolutionConfigurationPlatforms) = preSolution
		Debug|Any CPU = Debug|Any CPU
		Release|Any CPU = Release|Any CPU
	EndGlobalSection
	GlobalSection(ProjectConfigurationPlatforms) = postSolution
		{52BFD7FF-E8E7-4F02-A9E1-0FC5FA37715A}.Debug|Any CPU.ActiveCfg = Debug|Any CPU
		{52BFD7FF-E8E7-4F02-A9E1-0FC5FA37715A}.Debug|Any CPU.Build.0 = Debug|Any CPU
		{52BFD7FF-E8E7-4F02-A9E1-0FC5FA37715A}.Release|Any CPU.ActiveCfg = Release|Any CPU
		{52BFD7FF-E8E7-4F02-A9E1-0FC5FA37715A}.Release|Any CPU.Build.0 = Release|Any CPU
		{0FF7AD3D-1D03-487E-80FC-A385873C2B76}.Debug|Any CPU.ActiveCfg = Debug|Any CPU
		{0FF7AD3D-1D03-487E-80FC-A385873C2B76}.Debug|Any CPU.Build.0 = Debug|Any CPU
		{0FF7AD3D-1D03-487E-80FC-A385873C2B76}.Release|Any CPU.ActiveCfg = Release|Any CPU
		{0FF7AD3D-1D03-487E-80FC-A385873C2B76}.Release|Any CPU.Build.0 = Release|Any CPU
		{49184454-276C-47CD-8D38-FCA25C2F725B}.Debug|Any CPU.ActiveCfg = Debug|Any CPU
		{49184454-276C-47CD-8D38-FCA25C2F725B}.Debug|Any CPU.Build.0 = Debug|Any CPU
		{49184454-276C-47CD-8D38-FCA25C2F725B}.Release|Any CPU.ActiveCfg = Release|Any CPU
		{49184454-276C-47CD-8D38-FCA25C2F725B}.Release|Any CPU.Build.0 = Release|Any CPU
	EndGlobalSection
	GlobalSection(SolutionProperties) = preSolution
		HideSolutionNode = FALSE
	EndGlobalSection
	GlobalSection(ExtensibilityGlobals) = postSolution
		SolutionGuid = {60E45DE0-2104-4307-A2DC-6F5776BD9E09}
	EndGlobalSection
EndGlobal
